// !$*UTF8*$!
{
	archiveVersion = 1;
	classes = {
	};
	objectVersion = 48;
	objects = {

/* Begin PBXBuildFile section */
		656449C12057605D00A17E4F /* AppDelegate.swift in Sources */ = {isa = PBXBuildFile; fileRef = 656449C02057605D00A17E4F /* AppDelegate.swift */; };
		656449C32057605D00A17E4F /* LocationViewController.swift in Sources */ = {isa = PBXBuildFile; fileRef = 656449C22057605D00A17E4F /* LocationViewController.swift */; };
		656449C62057605D00A17E4F /* Main.storyboard in Resources */ = {isa = PBXBuildFile; fileRef = 656449C42057605D00A17E4F /* Main.storyboard */; };
		656449C82057605D00A17E4F /* Assets.xcassets in Resources */ = {isa = PBXBuildFile; fileRef = 656449C72057605D00A17E4F /* Assets.xcassets */; };
		656449CB2057605D00A17E4F /* LaunchScreen.storyboard in Resources */ = {isa = PBXBuildFile; fileRef = 656449C92057605D00A17E4F /* LaunchScreen.storyboard */; };
		656449D62057605D00A17E4F /* SwiftlyTests.swift in Sources */ = {isa = PBXBuildFile; fileRef = 656449D52057605D00A17E4F /* SwiftlyTests.swift */; };
		6E04E02720E6C80C00721338 /* README.md in Resources */ = {isa = PBXBuildFile; fileRef = 6E04E02620E6C80C00721338 /* README.md */; };
		6E8567A0209B93E5003D03B8 /* RatingControl.swift in Sources */ = {isa = PBXBuildFile; fileRef = 6E85679F209B93E5003D03B8 /* RatingControl.swift */; };
		6E8567A2209BBB9F003D03B8 /* Location.swift in Sources */ = {isa = PBXBuildFile; fileRef = 6E8567A1209BBB9F003D03B8 /* Location.swift */; };
		6E8567A4209CA119003D03B8 /* LocationTableViewCell.swift in Sources */ = {isa = PBXBuildFile; fileRef = 6E8567A3209CA119003D03B8 /* LocationTableViewCell.swift */; };
		6E8567A6209CC84C003D03B8 /* LocationTableViewController.swift in Sources */ = {isa = PBXBuildFile; fileRef = 6E8567A5209CC84C003D03B8 /* LocationTableViewController.swift */; };
/* End PBXBuildFile section */

/* Begin PBXContainerItemProxy section */
		656449D22057605D00A17E4F /* PBXContainerItemProxy */ = {
			isa = PBXContainerItemProxy;
			containerPortal = 656449B52057605D00A17E4F /* Project object */;
			proxyType = 1;
			remoteGlobalIDString = 656449BC2057605D00A17E4F;
			remoteInfo = Swiftly;
		};
/* End PBXContainerItemProxy section */

/* Begin PBXFileReference section */
		656449BD2057605D00A17E4F /* Swiftly.app */ = {isa = PBXFileReference; explicitFileType = wrapper.application; includeInIndex = 0; path = Swiftly.app; sourceTree = BUILT_PRODUCTS_DIR; };
		656449C02057605D00A17E4F /* AppDelegate.swift */ = {isa = PBXFileReference; lastKnownFileType = sourcecode.swift; path = AppDelegate.swift; sourceTree = "<group>"; };
		656449C22057605D00A17E4F /* LocationViewController.swift */ = {isa = PBXFileReference; lastKnownFileType = sourcecode.swift; path = LocationViewController.swift; sourceTree = "<group>"; };
		656449C52057605D00A17E4F /* Base */ = {isa = PBXFileReference; lastKnownFileType = file.storyboard; name = Base; path = Base.lproj/Main.storyboard; sourceTree = "<group>"; };
		656449C72057605D00A17E4F /* Assets.xcassets */ = {isa = PBXFileReference; lastKnownFileType = folder.assetcatalog; path = Assets.xcassets; sourceTree = "<group>"; };
		656449CA2057605D00A17E4F /* Base */ = {isa = PBXFileReference; lastKnownFileType = file.storyboard; name = Base; path = Base.lproj/LaunchScreen.storyboard; sourceTree = "<group>"; };
		656449CC2057605D00A17E4F /* Info.plist */ = {isa = PBXFileReference; lastKnownFileType = text.plist.xml; path = Info.plist; sourceTree = "<group>"; };
		656449D12057605D00A17E4F /* SwiftlyTests.xctest */ = {isa = PBXFileReference; explicitFileType = wrapper.cfbundle; includeInIndex = 0; path = SwiftlyTests.xctest; sourceTree = BUILT_PRODUCTS_DIR; };
		656449D52057605D00A17E4F /* SwiftlyTests.swift */ = {isa = PBXFileReference; lastKnownFileType = sourcecode.swift; path = SwiftlyTests.swift; sourceTree = "<group>"; };
		656449D72057605D00A17E4F /* Info.plist */ = {isa = PBXFileReference; lastKnownFileType = text.plist.xml; path = Info.plist; sourceTree = "<group>"; };
		6E04E02620E6C80C00721338 /* README.md */ = {isa = PBXFileReference; fileEncoding = 4; lastKnownFileType = net.daringfireball.markdown; path = README.md; sourceTree = "<group>"; };
		6E85679F209B93E5003D03B8 /* RatingControl.swift */ = {isa = PBXFileReference; lastKnownFileType = sourcecode.swift; path = RatingControl.swift; sourceTree = "<group>"; };
		6E8567A1209BBB9F003D03B8 /* Location.swift */ = {isa = PBXFileReference; lastKnownFileType = sourcecode.swift; path = Location.swift; sourceTree = "<group>"; };
		6E8567A3209CA119003D03B8 /* LocationTableViewCell.swift */ = {isa = PBXFileReference; lastKnownFileType = sourcecode.swift; path = LocationTableViewCell.swift; sourceTree = "<group>"; };
		6E8567A5209CC84C003D03B8 /* LocationTableViewController.swift */ = {isa = PBXFileReference; lastKnownFileType = sourcecode.swift; path = LocationTableViewController.swift; sourceTree = "<group>"; };
/* End PBXFileReference section */

/* Begin PBXFrameworksBuildPhase section */
		656449BA2057605D00A17E4F /* Frameworks */ = {
			isa = PBXFrameworksBuildPhase;
			buildActionMask = 2147483647;
			files = (
			);
			runOnlyForDeploymentPostprocessing = 0;
		};
		656449CE2057605D00A17E4F /* Frameworks */ = {
			isa = PBXFrameworksBuildPhase;
			buildActionMask = 2147483647;
			files = (
			);
			runOnlyForDeploymentPostprocessing = 0;
		};
/* End PBXFrameworksBuildPhase section */

/* Begin PBXGroup section */
		656449B42057605D00A17E4F = {
			isa = PBXGroup;
			children = (
				6E04E02620E6C80C00721338 /* README.md */,
				656449BF2057605D00A17E4F /* Swiftly */,
				656449D42057605D00A17E4F /* SwiftlyTests */,
				656449BE2057605D00A17E4F /* Products */,
			);
			sourceTree = "<group>";
		};
		656449BE2057605D00A17E4F /* Products */ = {
			isa = PBXGroup;
			children = (
				656449BD2057605D00A17E4F /* Swiftly.app */,
				656449D12057605D00A17E4F /* SwiftlyTests.xctest */,
			);
			name = Products;
			sourceTree = "<group>";
		};
		656449BF2057605D00A17E4F /* Swiftly */ = {
			isa = PBXGroup;
			children = (
				656449C02057605D00A17E4F /* AppDelegate.swift */,
				656449C22057605D00A17E4F /* LocationViewController.swift */,
				6E8567A1209BBB9F003D03B8 /* Location.swift */,
				6E85679F209B93E5003D03B8 /* RatingControl.swift */,
				6E8567A5209CC84C003D03B8 /* LocationTableViewController.swift */,
				6E8567A3209CA119003D03B8 /* LocationTableViewCell.swift */,
				656449C42057605D00A17E4F /* Main.storyboard */,
				656449C72057605D00A17E4F /* Assets.xcassets */,
				656449C92057605D00A17E4F /* LaunchScreen.storyboard */,
				656449CC2057605D00A17E4F /* Info.plist */,
			);
			path = Swiftly;
			sourceTree = "<group>";
		};
		656449D42057605D00A17E4F /* SwiftlyTests */ = {
			isa = PBXGroup;
			children = (
				656449D52057605D00A17E4F /* SwiftlyTests.swift */,
				656449D72057605D00A17E4F /* Info.plist */,
			);
			path = SwiftlyTests;
			sourceTree = "<group>";
		};
/* End PBXGroup section */

/* Begin PBXNativeTarget section */
		656449BC2057605D00A17E4F /* Swiftly */ = {
			isa = PBXNativeTarget;
			buildConfigurationList = 656449DA2057605D00A17E4F /* Build configuration list for PBXNativeTarget "Swiftly" */;
			buildPhases = (
				656449B92057605D00A17E4F /* Sources */,
				656449BA2057605D00A17E4F /* Frameworks */,
				656449BB2057605D00A17E4F /* Resources */,
			);
			buildRules = (
			);
			dependencies = (
			);
			name = Swiftly;
			productName = Swiftly;
			productReference = 656449BD2057605D00A17E4F /* Swiftly.app */;
			productType = "com.apple.product-type.application";
		};
		656449D02057605D00A17E4F /* SwiftlyTests */ = {
			isa = PBXNativeTarget;
			buildConfigurationList = 656449DD2057605D00A17E4F /* Build configuration list for PBXNativeTarget "SwiftlyTests" */;
			buildPhases = (
				656449CD2057605D00A17E4F /* Sources */,
				656449CE2057605D00A17E4F /* Frameworks */,
				656449CF2057605D00A17E4F /* Resources */,
			);
			buildRules = (
			);
			dependencies = (
				656449D32057605D00A17E4F /* PBXTargetDependency */,
			);
			name = SwiftlyTests;
			productName = SwiftlyTests;
			productReference = 656449D12057605D00A17E4F /* SwiftlyTests.xctest */;
			productType = "com.apple.product-type.bundle.unit-test";
		};
/* End PBXNativeTarget section */

/* Begin PBXProject section */
		656449B52057605D00A17E4F /* Project object */ = {
			isa = PBXProject;
			attributes = {
				LastSwiftUpdateCheck = 0920;
				LastUpgradeCheck = 0920;
				TargetAttributes = {
					656449BC2057605D00A17E4F = {
						CreatedOnToolsVersion = 9.2;
						ProvisioningStyle = Automatic;
					};
					656449D02057605D00A17E4F = {
						CreatedOnToolsVersion = 9.2;
						ProvisioningStyle = Automatic;
						TestTargetID = 656449BC2057605D00A17E4F;
					};
				};
			};
			buildConfigurationList = 656449B82057605D00A17E4F /* Build configuration list for PBXProject "Swiftly" */;
			compatibilityVersion = "Xcode 8.0";
			developmentRegion = en;
			hasScannedForEncodings = 0;
			knownRegions = (
				en,
				Base,
			);
			mainGroup = 656449B42057605D00A17E4F;
			productRefGroup = 656449BE2057605D00A17E4F /* Products */;
			projectDirPath = "";
			projectRoot = "";
			targets = (
				656449BC2057605D00A17E4F /* Swiftly */,
				656449D02057605D00A17E4F /* SwiftlyTests */,
			);
		};
/* End PBXProject section */

/* Begin PBXResourcesBuildPhase section */
		656449BB2057605D00A17E4F /* Resources */ = {
			isa = PBXResourcesBuildPhase;
			buildActionMask = 2147483647;
			files = (
				656449CB2057605D00A17E4F /* LaunchScreen.storyboard in Resources */,
				656449C82057605D00A17E4F /* Assets.xcassets in Resources */,
				6E04E02720E6C80C00721338 /* README.md in Resources */,
				656449C62057605D00A17E4F /* Main.storyboard in Resources */,
			);
			runOnlyForDeploymentPostprocessing = 0;
		};
		656449CF2057605D00A17E4F /* Resources */ = {
			isa = PBXResourcesBuildPhase;
			buildActionMask = 2147483647;
			files = (
			);
			runOnlyForDeploymentPostprocessing = 0;
		};
/* End PBXResourcesBuildPhase section */

/* Begin PBXSourcesBuildPhase section */
		656449B92057605D00A17E4F /* Sources */ = {
			isa = PBXSourcesBuildPhase;
			buildActionMask = 2147483647;
			files = (
				656449C32057605D00A17E4F /* LocationViewController.swift in Sources */,
				6E8567A4209CA119003D03B8 /* LocationTableViewCell.swift in Sources */,
				6E8567A6209CC84C003D03B8 /* LocationTableViewController.swift in Sources */,
				6E8567A0209B93E5003D03B8 /* RatingControl.swift in Sources */,
				6E8567A2209BBB9F003D03B8 /* Location.swift in Sources */,
				656449C12057605D00A17E4F /* AppDelegate.swift in Sources */,
			);
			runOnlyForDeploymentPostprocessing = 0;
		};
		656449CD2057605D00A17E4F /* Sources */ = {
			isa = PBXSourcesBuildPhase;
			buildActionMask = 2147483647;
			files = (
				656449D62057605D00A17E4F /* SwiftlyTests.swift in Sources */,
			);
			runOnlyForDeploymentPostprocessing = 0;
		};
/* End PBXSourcesBuildPhase section */

/* Begin PBXTargetDependency section */
		656449D32057605D00A17E4F /* PBXTargetDependency */ = {
			isa = PBXTargetDependency;
			target = 656449BC2057605D00A17E4F /* Swiftly */;
			targetProxy = 656449D22057605D00A17E4F /* PBXContainerItemProxy */;
		};
/* End PBXTargetDependency section */

/* Begin PBXVariantGroup section */
		656449C42057605D00A17E4F /* Main.storyboard */ = {
			isa = PBXVariantGroup;
			children = (
				656449C52057605D00A17E4F /* Base */,
			);
			name = Main.storyboard;
			sourceTree = "<group>";
		};
		656449C92057605D00A17E4F /* LaunchScreen.storyboard */ = {
			isa = PBXVariantGroup;
			children = (
				656449CA2057605D00A17E4F /* Base */,
			);
			name = LaunchScreen.storyboard;
			sourceTree = "<group>";
		};
/* End PBXVariantGroup section */

/* Begin XCBuildConfiguration section */
		656449D82057605D00A17E4F /* Debug */ = {
			isa = XCBuildConfiguration;
			buildSettings = {
				ALWAYS_SEARCH_USER_PATHS = NO;
				CLANG_ANALYZER_NONNULL = YES;
				CLANG_ANALYZER_NUMBER_OBJECT_CONVERSION = YES_AGGRESSIVE;
				CLANG_CXX_LANGUAGE_STANDARD = "gnu++14";
				CLANG_CXX_LIBRARY = "libc++";
				CLANG_ENABLE_MODULES = YES;
				CLANG_ENABLE_OBJC_ARC = YES;
				CLANG_WARN_BLOCK_CAPTURE_AUTORELEASING = YES;
				CLANG_WARN_BOOL_CONVERSION = YES;
				CLANG_WARN_COMMA = YES;
				CLANG_WARN_CONSTANT_CONVERSION = YES;
				CLANG_WARN_DIRECT_OBJC_ISA_USAGE = YES_ERROR;
				CLANG_WARN_DOCUMENTATION_COMMENTS = YES;
				CLANG_WARN_EMPTY_BODY = YES;
				CLANG_WARN_ENUM_CONVERSION = YES;
				CLANG_WARN_INFINITE_RECURSION = YES;
				CLANG_WARN_INT_CONVERSION = YES;
				CLANG_WARN_NON_LITERAL_NULL_CONVERSION = YES;
				CLANG_WARN_OBJC_LITERAL_CONVERSION = YES;
				CLANG_WARN_OBJC_ROOT_CLASS = YES_ERROR;
				CLANG_WARN_RANGE_LOOP_ANALYSIS = YES;
				CLANG_WARN_STRICT_PROTOTYPES = YES;
				CLANG_WARN_SUSPICIOUS_MOVE = YES;
				CLANG_WARN_UNGUARDED_AVAILABILITY = YES_AGGRESSIVE;
				CLANG_WARN_UNREACHABLE_CODE = YES;
				CLANG_WARN__DUPLICATE_METHOD_MATCH = YES;
				CODE_SIGN_IDENTITY = "iPhone Developer";
				COPY_PHASE_STRIP = NO;
				DEBUG_INFORMATION_FORMAT = dwarf;
				ENABLE_STRICT_OBJC_MSGSEND = YES;
				ENABLE_TESTABILITY = YES;
				GCC_C_LANGUAGE_STANDARD = gnu11;
				GCC_DYNAMIC_NO_PIC = NO;
				GCC_NO_COMMON_BLOCKS = YES;
				GCC_OPTIMIZATION_LEVEL = 0;
				GCC_PREPROCESSOR_DEFINITIONS = (
					"DEBUG=1",
					"$(inherited)",
				);
				GCC_WARN_64_TO_32_BIT_CONVERSION = YES;
				GCC_WARN_ABOUT_RETURN_TYPE = YES_ERROR;
				GCC_WARN_UNDECLARED_SELECTOR = YES;
				GCC_WARN_UNINITIALIZED_AUTOS = YES_AGGRESSIVE;
				GCC_WARN_UNUSED_FUNCTION = YES;
				GCC_WARN_UNUSED_VARIABLE = YES;
				IPHONEOS_DEPLOYMENT_TARGET = 11.2;
				MTL_ENABLE_DEBUG_INFO = YES;
				ONLY_ACTIVE_ARCH = YES;
				SDKROOT = iphoneos;
				SWIFT_ACTIVE_COMPILATION_CONDITIONS = DEBUG;
				SWIFT_OPTIMIZATION_LEVEL = "-Onone";
			};
			name = Debug;
		};
		656449D92057605D00A17E4F /* Release */ = {
			isa = XCBuildConfiguration;
			buildSettings = {
				ALWAYS_SEARCH_USER_PATHS = NO;
				CLANG_ANALYZER_NONNULL = YES;
				CLANG_ANALYZER_NUMBER_OBJECT_CONVERSION = YES_AGGRESSIVE;
				CLANG_CXX_LANGUAGE_STANDARD = "gnu++14";
				CLANG_CXX_LIBRARY = "libc++";
				CLANG_ENABLE_MODULES = YES;
				CLANG_ENABLE_OBJC_ARC = YES;
				CLANG_WARN_BLOCK_CAPTURE_AUTORELEASING = YES;
				CLANG_WARN_BOOL_CONVERSION = YES;
				CLANG_WARN_COMMA = YES;
				CLANG_WARN_CONSTANT_CONVERSION = YES;
				CLANG_WARN_DIRECT_OBJC_ISA_USAGE = YES_ERROR;
				CLANG_WARN_DOCUMENTATION_COMMENTS = YES;
				CLANG_WARN_EMPTY_BODY = YES;
				CLANG_WARN_ENUM_CONVERSION = YES;
				CLANG_WARN_INFINITE_RECURSION = YES;
				CLANG_WARN_INT_CONVERSION = YES;
				CLANG_WARN_NON_LITERAL_NULL_CONVERSION = YES;
				CLANG_WARN_OBJC_LITERAL_CONVERSION = YES;
				CLANG_WARN_OBJC_ROOT_CLASS = YES_ERROR;
				CLANG_WARN_RANGE_LOOP_ANALYSIS = YES;
				CLANG_WARN_STRICT_PROTOTYPES = YES;
				CLANG_WARN_SUSPICIOUS_MOVE = YES;
				CLANG_WARN_UNGUARDED_AVAILABILITY = YES_AGGRESSIVE;
				CLANG_WARN_UNREACHABLE_CODE = YES;
				CLANG_WARN__DUPLICATE_METHOD_MATCH = YES;
				CODE_SIGN_IDENTITY = "iPhone Developer";
				COPY_PHASE_STRIP = NO;
				DEBUG_INFORMATION_FORMAT = "dwarf-with-dsym";
				ENABLE_NS_ASSERTIONS = NO;
				ENABLE_STRICT_OBJC_MSGSEND = YES;
				GCC_C_LANGUAGE_STANDARD = gnu11;
				GCC_NO_COMMON_BLOCKS = YES;
				GCC_WARN_64_TO_32_BIT_CONVERSION = YES;
				GCC_WARN_ABOUT_RETURN_TYPE = YES_ERROR;
				GCC_WARN_UNDECLARED_SELECTOR = YES;
				GCC_WARN_UNINITIALIZED_AUTOS = YES_AGGRESSIVE;
				GCC_WARN_UNUSED_FUNCTION = YES;
				GCC_WARN_UNUSED_VARIABLE = YES;
				IPHONEOS_DEPLOYMENT_TARGET = 11.2;
				MTL_ENABLE_DEBUG_INFO = NO;
				SDKROOT = iphoneos;
				SWIFT_OPTIMIZATION_LEVEL = "-Owholemodule";
				VALIDATE_PRODUCT = YES;
			};
			name = Release;
		};
		656449DB2057605D00A17E4F /* Debug */ = {
			isa = XCBuildConfiguration;
			buildSettings = {
				ASSETCATALOG_COMPILER_APPICON_NAME = AppIcon;
				CODE_SIGN_STYLE = Automatic;
				INFOPLIST_FILE = Swiftly/Info.plist;
				LD_RUNPATH_SEARCH_PATHS = "$(inherited) @executable_path/Frameworks";
				PRODUCT_BUNDLE_IDENTIFIER = com.example.Swiftly;
				PRODUCT_NAME = "$(TARGET_NAME)";
				SWIFT_VERSION = 4.0;
				TARGETED_DEVICE_FAMILY = "1,2";
			};
			name = Debug;
		};
		656449DC2057605D00A17E4F /* Release */ = {
			isa = XCBuildConfiguration;
			buildSettings = {
				ASSETCATALOG_COMPILER_APPICON_NAME = AppIcon;
				CODE_SIGN_STYLE = Automatic;
				INFOPLIST_FILE = Swiftly/Info.plist;
				LD_RUNPATH_SEARCH_PATHS = "$(inherited) @executable_path/Frameworks";
				PRODUCT_BUNDLE_IDENTIFIER = com.example.Swiftly;
				PRODUCT_NAME = "$(TARGET_NAME)";
				SWIFT_VERSION = 4.0;
				TARGETED_DEVICE_FAMILY = "1,2";
			};
			name = Release;
		};
		656449DE2057605D00A17E4F /* Debug */ = {
			isa = XCBuildConfiguration;
			buildSettings = {
				ALWAYS_EMBED_SWIFT_STANDARD_LIBRARIES = YES;
				BUNDLE_LOADER = "$(TEST_HOST)";
				CODE_SIGN_STYLE = Automatic;
				INFOPLIST_FILE = SwiftlyTests/Info.plist;
				LD_RUNPATH_SEARCH_PATHS = "$(inherited) @executable_path/Frameworks @loader_path/Frameworks";
				PRODUCT_BUNDLE_IDENTIFIER = com.example.SwiftlyTests;
				PRODUCT_NAME = "$(TARGET_NAME)";
				SWIFT_VERSION = 4.0;
				TARGETED_DEVICE_FAMILY = "1,2";
				TEST_HOST = "$(BUILT_PRODUCTS_DIR)/Swiftly.app/Swiftly";
			};
			name = Debug;
		};
		656449DF2057605D00A17E4F /* Release */ = {
			isa = XCBuildConfiguration;
			buildSettings = {
				ALWAYS_EMBED_SWIFT_STANDARD_LIBRARIES = YES;
				BUNDLE_LOADER = "$(TEST_HOST)";
				CODE_SIGN_STYLE = Automatic;
				INFOPLIST_FILE = SwiftlyTests/Info.plist;
				LD_RUNPATH_SEARCH_PATHS = "$(inherited) @executable_path/Frameworks @loader_path/Frameworks";
				PRODUCT_BUNDLE_IDENTIFIER = com.example.SwiftlyTests;
				PRODUCT_NAME = "$(TARGET_NAME)";
				SWIFT_VERSION = 4.0;
				TARGETED_DEVICE_FAMILY = "1,2";
				TEST_HOST = "$(BUILT_PRODUCTS_DIR)/Swiftly.app/Swiftly";
			};
			name = Release;
		};
/* End XCBuildConfiguration section */

/* Begin XCConfigurationList section */
		656449B82057605D00A17E4F /* Build configuration list for PBXProject "Swiftly" */ = {
			isa = XCConfigurationList;
			buildConfigurations = (
				656449D82057605D00A17E4F /* Debug */,
				656449D92057605D00A17E4F /* Release */,
			);
			defaultConfigurationIsVisible = 0;
			defaultConfigurationName = Release;
		};
		656449DA2057605D00A17E4F /* Build configuration list for PBXNativeTarget "Swiftly" */ = {
			isa = XCConfigurationList;
			buildConfigurations = (
				656449DB2057605D00A17E4F /* Debug */,
				656449DC2057605D00A17E4F /* Release */,
			);
			defaultConfigurationIsVisible = 0;
			defaultConfigurationName = Release;
		};
		656449DD2057605D00A17E4F /* Build configuration list for PBXNativeTarget "SwiftlyTests" */ = {
			isa = XCConfigurationList;
			buildConfigurations = (
				656449DE2057605D00A17E4F /* Debug */,
				656449DF2057605D00A17E4F /* Release */,
			);
			defaultConfigurationIsVisible = 0;
			defaultConfigurationName = Release;
		};
/* End XCConfigurationList section */
	};
	rootObject = 656449B52057605D00A17E4F /* Project object */;
}
